Microsoft Visual Studio Solution File, Format Version 12.00
# Visual Studio 2012
Project("{FAE04EC0-301F-11D3-BF4B-00C04F79EFBC}") = "FlappyBird", "FlappyBird.csproj", "{D95F9A07-8F5D-4BA7-B2D9-C4233043A627}"
EndProject
Global
	GlobalSection(SolutionConfigurationPlatforms) = preSolution
	Debug|Any CPU = Debug|Any CPU
	ExportDebug|Any CPU = ExportDebug|Any CPU
	ExportRelease|Any CPU = ExportRelease|Any CPU
	EndGlobalSection
	GlobalSection(ProjectConfigurationPlatforms) = postSolution
		{D95F9A07-8F5D-4BA7-B2D9-C4233043A627}.Debug|Any CPU.ActiveCfg = Debug|Any CPU
		{D95F9A07-8F5D-4BA7-B2D9-C4233043A627}.Debug|Any CPU.Build.0 = Debug|Any CPU
		{D95F9A07-8F5D-4BA7-B2D9-C4233043A627}.ExportDebug|Any CPU.ActiveCfg = ExportDebug|Any CPU
		{D95F9A07-8F5D-4BA7-B2D9-C4233043A627}.ExportDebug|Any CPU.Build.0 = ExportDebug|Any CPU
		{D95F9A07-8F5D-4BA7-B2D9-C4233043A627}.ExportRelease|Any CPU.ActiveCfg = ExportRelease|Any CPU
		{D95F9A07-8F5D-4BA7-B2D9-C4233043A627}.ExportRelease|Any CPU.Build.0 = ExportRelease|Any CPU
	EndGlobalSection
EndGlobal
